{
    "_readme": [
        "This file locks the dependencies of your project to a known state",
        "Read more about it at http://getcomposer.org/doc/01-basic-usage.md#composer-lock-the-lock-file"
    ],
    "hash": "e16a8b3304b49c308d32c5c590819a5f",
    "packages": [
        {
            "name": "malenki/ansi",
            "version": "1.2.4",
            "source": {
                "type": "git",
                "url": "https://github.com/malenkiki/ansi.git",
                "reference": "a4085ae246a4e592ee4a11138246f4761deb25f6"
            },
            "dist": {
                "type": "zip",
                "url": "https://api.github.com/repos/malenkiki/ansi/zipball/a4085ae246a4e592ee4a11138246f4761deb25f6",
                "reference": "a4085ae246a4e592ee4a11138246f4761deb25f6",
                "shasum": ""
            },
            "require": {
                "php": ">=5.3.0"
            },
            "type": "library",
            "autoload": {
                "psr-0": {
                    "Malenki": "src/"
                }
            },
            "notification-url": "https://packagist.org/downloads/",
            "license": [
                "MIT"
            ],
            "authors": [
                {
                    "name": "Michel Petit",
                    "email": "petit.michel@gmail.com",
                    "role": "Developer"
                }
            ],
            "description": "Simple class to put some colors into your CLI PHP apps!",
            "homepage": "https://github.com/malenkiki/ansi",
            "keywords": [
                "ansi",
                "cli",
                "colors"
            ],
            "time": "2014-02-26 13:07:44"
        },
        {
            "name": "malenki/argile",
            "version": "3.0",
            "source": {
                "type": "git",
                "url": "https://github.com/malenkiki/argile.git",
                "reference": "b576a0e4dacbeb076d891b1947689cf9c5f9ec6c"
            },
            "dist": {
                "type": "zip",
                "url": "https://api.github.com/repos/malenkiki/argile/zipball/b576a0e4dacbeb076d891b1947689cf9c5f9ec6c",
                "reference": "b576a0e4dacbeb076d891b1947689cf9c5f9ec6c",
                "shasum": ""
            },
            "require": {
                "malenki/ansi": ">=1.2.3",
                "malenki/bah": ">=0.9.1",
                "php": ">=5.3.0"
            },
            "type": "library",
            "autoload": {
                "psr-0": {
                    "Malenki\\Argile": "src/"
                }
            },
            "notification-url": "https://packagist.org/downloads/",
            "license": [
                "MIT"
            ],
            "authors": [
                {
                    "name": "Michel Petit",
                    "email": "petit.michel@gmail.com",
                    "role": "Developer"
                }
            ],
            "description": "CLI app now easy when using args!",
            "homepage": "https://github.com/malenkiki/argile",
            "keywords": [
                "arg",
                "cli",
                "optget"
            ],
            "time": "2014-02-21 12:55:42"
        },
        {
            "name": "malenki/bah",
            "version": "0.9.1",
            "source": {
                "type": "git",
                "url": "https://github.com/malenkiki/bah.git",
                "reference": "d148f9f57ca1c00c8829c08cc896042a8db08cb8"
            },
            "dist": {
                "type": "zip",
                "url": "https://api.github.com/repos/malenkiki/bah/zipball/d148f9f57ca1c00c8829c08cc896042a8db08cb8",
                "reference": "d148f9f57ca1c00c8829c08cc896042a8db08cb8",
                "shasum": ""
            },
            "require": {
                "php": ">=5.3.0"
            },
            "type": "library",
            "autoload": {
                "psr-0": {
                    "Malenki\\Bah": "src/"
                }
            },
            "notification-url": "https://packagist.org/downloads/",
            "license": [
                "MIT"
            ],
            "authors": [
                {
                    "name": "Michel Petit",
                    "email": "petit.michel@gmail.com",
                    "role": "Developer"
                }
            ],
            "description": "Classes to use in place of array, string, integer PHP primitives",
            "homepage": "https://github.com/malenkiki/bah",
            "keywords": [
                "array",
                "number",
                "string"
            ],
            "time": "2013-11-03 16:12:29"
        }
    ],
    "packages-dev": [

    ],
    "aliases": [

    ],
    "minimum-stability": "stable",
    "stability-flags": [

    ],
    "platform": {
        "php": ">=5.3.0",
        "ext-dom": "*"
    },
    "platform-dev": [

    ]
}
